github.com/adityatelange/hugo-PaperMod v0.0.0-20220820090107-b906338dc82a h1:Ha3vSKQbzhHoACmB+W+8uHWbCztMrfco250NyJUqtR0=
github.com/adityatelange/hugo-PaperMod v0.0.0-20220820090107-b906338dc82a/go.mod h1:HCHxNMKYdGafUYjVV3ICiAqznZK2yH0iI53jqcDFDdQ=
github.com/martignoni/hugo-notice v0.0.0-20220808143207-6f88f625d9e4 h1:NLPvrTPIqblfVPEUhXhw5ipgQ6VfXfkE2zeUnGnviJE=
github.com/martignoni/hugo-notice v0.0.0-20220808143207-6f88f625d9e4/go.mod h1:k+PSLmVlZC5iWWxLLOSDQetCCeeqKZQvQJ+AXLg6X1A=
