github.com/adityatelange/hugo-PaperMod v0.0.0-20221224152110-d3d90be8a4ea h1:Oh7CmQcvzhhNV4vJy9pXHP4SJoEPg0FVOIP73VwJR5Q=
github.com/adityatelange/hugo-PaperMod v0.0.0-20221224152110-d3d90be8a4ea/go.mod h1:HCHxNMKYdGafUYjVV3ICiAqznZK2yH0iI53jqcDFDdQ=
github.com/martignoni/hugo-notice v0.0.0-20220915151719-9571973877af h1:beo4H+y36B4t4wO4fu+rQI/tZDZB45VSLgKrpATezVs=
github.com/martignoni/hugo-notice v0.0.0-20220915151719-9571973877af/go.mod h1:k+PSLmVlZC5iWWxLLOSDQetCCeeqKZQvQJ+AXLg6X1A=
